// !$*UTF8*$!
{
	archiveVersion = 1;
	classes = {
	};
	objectVersion = 46;
	objects = {

/* Begin PBXBuildFile section */
		4E2A02C41B21C763006AFD4B /* main.m in Sources */ = {isa = PBXBuildFile; fileRef = 4E2A02C31B21C763006AFD4B /* main.m */; };
		4E2A02C71B21C763006AFD4B /* AppDelegate.m in Sources */ = {isa = PBXBuildFile; fileRef = 4E2A02C61B21C763006AFD4B /* AppDelegate.m */; };
		4E2A02CA1B21C763006AFD4B /* ViewController.m in Sources */ = {isa = PBXBuildFile; fileRef = 4E2A02C91B21C763006AFD4B /* ViewController.m */; };
		4E2A02CD1B21C763006AFD4B /* Main.storyboard in Resources */ = {isa = PBXBuildFile; fileRef = 4E2A02CB1B21C763006AFD4B /* Main.storyboard */; };
		4E2A02CF1B21C763006AFD4B /* Images.xcassets in Resources */ = {isa = PBXBuildFile; fileRef = 4E2A02CE1B21C763006AFD4B /* Images.xcassets */; };
		4E2A02D21B21C763006AFD4B /* LaunchScreen.xib in Resources */ = {isa = PBXBuildFile; fileRef = 4E2A02D01B21C763006AFD4B /* LaunchScreen.xib */; };
		4E2A02DE1B21C763006AFD4B /* ExpandingPopoverTestTests.m in Sources */ = {isa = PBXBuildFile; fileRef = 4E2A02DD1B21C763006AFD4B /* ExpandingPopoverTestTests.m */; };
		4E2A02EE1B21C8AD006AFD4B /* ClosedController.m in Sources */ = {isa = PBXBuildFile; fileRef = 4E2A02EC1B21C8AD006AFD4B /* ClosedController.m */; };
		4E2A02EF1B21C8AD006AFD4B /* ClosedController.xib in Resources */ = {isa = PBXBuildFile; fileRef = 4E2A02ED1B21C8AD006AFD4B /* ClosedController.xib */; };
		4E2A02F61B21C946006AFD4B /* OpenController.storyboard in Resources */ = {isa = PBXBuildFile; fileRef = 4E2A02F51B21C946006AFD4B /* OpenController.storyboard */; };
		4E2A02F81B2241A7006AFD4B /* UIExpandingPopoverController.m in Sources */ = {isa = PBXBuildFile; fileRef = 4E2A02F71B2241A7006AFD4B /* UIExpandingPopoverController.m */; };
/* End PBXBuildFile section */

/* Begin PBXContainerItemProxy section */
		4E2A02D81B21C763006AFD4B /* PBXContainerItemProxy */ = {
			isa = PBXContainerItemProxy;
			containerPortal = 4E2A02B61B21C763006AFD4B /* Project object */;
			proxyType = 1;
			remoteGlobalIDString = 4E2A02BD1B21C763006AFD4B;
			remoteInfo = ExpandingPopoverTest;
		};
/* End PBXContainerItemProxy section */

/* Begin PBXFileReference section */
		4E2A02BE1B21C763006AFD4B /* UIExpandingPopover.app */ = {isa = PBXFileReference; explicitFileType = wrapper.application; includeInIndex = 0; path = UIExpandingPopover.app; sourceTree = BUILT_PRODUCTS_DIR; };
		4E2A02C21B21C763006AFD4B /* Info.plist */ = {isa = PBXFileReference; lastKnownFileType = text.plist.xml; path = Info.plist; sourceTree = "<group>"; };
		4E2A02C31B21C763006AFD4B /* main.m */ = {isa = PBXFileReference; lastKnownFileType = sourcecode.c.objc; path = main.m; sourceTree = "<group>"; };
		4E2A02C51B21C763006AFD4B /* AppDelegate.h */ = {isa = PBXFileReference; lastKnownFileType = sourcecode.c.h; path = AppDelegate.h; sourceTree = "<group>"; };
		4E2A02C61B21C763006AFD4B /* AppDelegate.m */ = {isa = PBXFileReference; lastKnownFileType = sourcecode.c.objc; path = AppDelegate.m; sourceTree = "<group>"; };
		4E2A02C81B21C763006AFD4B /* ViewController.h */ = {isa = PBXFileReference; lastKnownFileType = sourcecode.c.h; path = ViewController.h; sourceTree = "<group>"; };
		4E2A02C91B21C763006AFD4B /* ViewController.m */ = {isa = PBXFileReference; lastKnownFileType = sourcecode.c.objc; path = ViewController.m; sourceTree = "<group>"; };
		4E2A02CC1B21C763006AFD4B /* Base */ = {isa = PBXFileReference; lastKnownFileType = file.storyboard; name = Base; path = Base.lproj/Main.storyboard; sourceTree = "<group>"; };
		4E2A02CE1B21C763006AFD4B /* Images.xcassets */ = {isa = PBXFileReference; lastKnownFileType = folder.assetcatalog; path = Images.xcassets; sourceTree = "<group>"; };
		4E2A02D11B21C763006AFD4B /* Base */ = {isa = PBXFileReference; lastKnownFileType = file.xib; name = Base; path = Base.lproj/LaunchScreen.xib; sourceTree = "<group>"; };
		4E2A02D71B21C763006AFD4B /* UIExpandingPopoverTests.xctest */ = {isa = PBXFileReference; explicitFileType = wrapper.cfbundle; includeInIndex = 0; path = UIExpandingPopoverTests.xctest; sourceTree = BUILT_PRODUCTS_DIR; };
		4E2A02DC1B21C763006AFD4B /* Info.plist */ = {isa = PBXFileReference; lastKnownFileType = text.plist.xml; path = Info.plist; sourceTree = "<group>"; };
		4E2A02DD1B21C763006AFD4B /* ExpandingPopoverTestTests.m */ = {isa = PBXFileReference; lastKnownFileType = sourcecode.c.objc; path = ExpandingPopoverTestTests.m; sourceTree = "<group>"; };
		4E2A02E71B21C7A9006AFD4B /* UIExpandingPopoverController.h */ = {isa = PBXFileReference; fileEncoding = 4; lastKnownFileType = sourcecode.c.h; name = UIExpandingPopoverController.h; path = ExpandingPopoverTest/UIExpandingPopoverController.h; sourceTree = "<group>"; };
		4E2A02EA1B21C7DA006AFD4B /* UIExpandingPopoverController_Private.h */ = {isa = PBXFileReference; fileEncoding = 4; lastKnownFileType = sourcecode.c.h; name = UIExpandingPopoverController_Private.h; path = ExpandingPopoverTest/UIExpandingPopoverController_Private.h; sourceTree = "<group>"; };
		4E2A02EB1B21C8AD006AFD4B /* ClosedController.h */ = {isa = PBXFileReference; fileEncoding = 4; lastKnownFileType = sourcecode.c.h; name = ClosedController.h; path = ../ClosedController.h; sourceTree = "<group>"; };
		4E2A02EC1B21C8AD006AFD4B /* ClosedController.m */ = {isa = PBXFileReference; fileEncoding = 4; lastKnownFileType = sourcecode.c.objc; name = ClosedController.m; path = ../ClosedController.m; sourceTree = "<group>"; };
		4E2A02ED1B21C8AD006AFD4B /* ClosedController.xib */ = {isa = PBXFileReference; fileEncoding = 4; lastKnownFileType = file.xib; name = ClosedController.xib; path = ../ClosedController.xib; sourceTree = "<group>"; };
		4E2A02F51B21C946006AFD4B /* OpenController.storyboard */ = {isa = PBXFileReference; fileEncoding = 4; lastKnownFileType = file.storyboard; name = OpenController.storyboard; path = ../OpenController.storyboard; sourceTree = "<group>"; };
		4E2A02F71B2241A7006AFD4B /* UIExpandingPopoverController.m */ = {isa = PBXFileReference; fileEncoding = 4; lastKnownFileType = sourcecode.c.objc; name = UIExpandingPopoverController.m; path = ExpandingPopoverTest/UIExpandingPopoverController.m; sourceTree = "<group>"; };
/* End PBXFileReference section */

/* Begin PBXFrameworksBuildPhase section */
		4E2A02BB1B21C763006AFD4B /* Frameworks */ = {
			isa = PBXFrameworksBuildPhase;
			buildActionMask = 2147483647;
			files = (
			);
			runOnlyForDeploymentPostprocessing = 0;
		};
		4E2A02D41B21C763006AFD4B /* Frameworks */ = {
			isa = PBXFrameworksBuildPhase;
			buildActionMask = 2147483647;
			files = (
			);
			runOnlyForDeploymentPostprocessing = 0;
		};
/* End PBXFrameworksBuildPhase section */

/* Begin PBXGroup section */
		4E2A02B51B21C763006AFD4B = {
			isa = PBXGroup;
			children = (
				4E2A02F91B224A23006AFD4B /* Source */,
				4E2A02C01B21C763006AFD4B /* Demo */,
				4E2A02DA1B21C763006AFD4B /* ExpandingPopoverTestTests */,
				4E2A02BF1B21C763006AFD4B /* Products */,
			);
			sourceTree = "<group>";
		};
		4E2A02BF1B21C763006AFD4B /* Products */ = {
			isa = PBXGroup;
			children = (
				4E2A02BE1B21C763006AFD4B /* UIExpandingPopover.app */,
				4E2A02D71B21C763006AFD4B /* UIExpandingPopoverTests.xctest */,
			);
			name = Products;
			sourceTree = "<group>";
		};
		4E2A02C01B21C763006AFD4B /* Demo */ = {
			isa = PBXGroup;
			children = (
				4E2A02C51B21C763006AFD4B /* AppDelegate.h */,
				4E2A02C61B21C763006AFD4B /* AppDelegate.m */,
				4E2A02C81B21C763006AFD4B /* ViewController.h */,
				4E2A02C91B21C763006AFD4B /* ViewController.m */,
				4E2A02CB1B21C763006AFD4B /* Main.storyboard */,
				4E2A02D01B21C763006AFD4B /* LaunchScreen.xib */,
				4E2A02EB1B21C8AD006AFD4B /* ClosedController.h */,
				4E2A02EC1B21C8AD006AFD4B /* ClosedController.m */,
				4E2A02ED1B21C8AD006AFD4B /* ClosedController.xib */,
				4E2A02F51B21C946006AFD4B /* OpenController.storyboard */,
				4E2A02CE1B21C763006AFD4B /* Images.xcassets */,
				4E2A02C11B21C763006AFD4B /* Supporting Files */,
			);
			name = Demo;
			path = ExpandingPopoverTest;
			sourceTree = "<group>";
		};
		4E2A02C11B21C763006AFD4B /* Supporting Files */ = {
			isa = PBXGroup;
			children = (
				4E2A02C21B21C763006AFD4B /* Info.plist */,
				4E2A02C31B21C763006AFD4B /* main.m */,
			);
			name = "Supporting Files";
			sourceTree = "<group>";
		};
		4E2A02DA1B21C763006AFD4B /* ExpandingPopoverTestTests */ = {
			isa = PBXGroup;
			children = (
				4E2A02DD1B21C763006AFD4B /* ExpandingPopoverTestTests.m */,
				4E2A02DB1B21C763006AFD4B /* Supporting Files */,
			);
			path = ExpandingPopoverTestTests;
			sourceTree = "<group>";
		};
		4E2A02DB1B21C763006AFD4B /* Supporting Files */ = {
			isa = PBXGroup;
			children = (
				4E2A02DC1B21C763006AFD4B /* Info.plist */,
			);
			name = "Supporting Files";
			sourceTree = "<group>";
		};
		4E2A02F91B224A23006AFD4B /* Source */ = {
			isa = PBXGroup;
			children = (
				4E2A02E71B21C7A9006AFD4B /* UIExpandingPopoverController.h */,
				4E2A02EA1B21C7DA006AFD4B /* UIExpandingPopoverController_Private.h */,
				4E2A02F71B2241A7006AFD4B /* UIExpandingPopoverController.m */,
			);
			name = Source;
			sourceTree = "<group>";
		};
/* End PBXGroup section */

/* Begin PBXNativeTarget section */
		4E2A02BD1B21C763006AFD4B /* UIExpandingPopover */ = {
			isa = PBXNativeTarget;
			buildConfigurationList = 4E2A02E11B21C763006AFD4B /* Build configuration list for PBXNativeTarget "UIExpandingPopover" */;
			buildPhases = (
				4E2A02BA1B21C763006AFD4B /* Sources */,
				4E2A02BB1B21C763006AFD4B /* Frameworks */,
				4E2A02BC1B21C763006AFD4B /* Resources */,
			);
			buildRules = (
			);
			dependencies = (
			);
			name = UIExpandingPopover;
			productName = ExpandingPopoverTest;
			productReference = 4E2A02BE1B21C763006AFD4B /* UIExpandingPopover.app */;
			productType = "com.apple.product-type.application";
		};
		4E2A02D61B21C763006AFD4B /* UIExpandingPopoverTests */ = {
			isa = PBXNativeTarget;
			buildConfigurationList = 4E2A02E41B21C763006AFD4B /* Build configuration list for PBXNativeTarget "UIExpandingPopoverTests" */;
			buildPhases = (
				4E2A02D31B21C763006AFD4B /* Sources */,
				4E2A02D41B21C763006AFD4B /* Frameworks */,
				4E2A02D51B21C763006AFD4B /* Resources */,
			);
			buildRules = (
			);
			dependencies = (
				4E2A02D91B21C763006AFD4B /* PBXTargetDependency */,
			);
			name = UIExpandingPopoverTests;
			productName = ExpandingPopoverTestTests;
			productReference = 4E2A02D71B21C763006AFD4B /* UIExpandingPopoverTests.xctest */;
			productType = "com.apple.product-type.bundle.unit-test";
		};
/* End PBXNativeTarget section */

/* Begin PBXProject section */
		4E2A02B61B21C763006AFD4B /* Project object */ = {
			isa = PBXProject;
			attributes = {
				LastUpgradeCheck = 0630;
				ORGANIZATIONNAME = "Alexei Baboulevitch";
				TargetAttributes = {
					4E2A02BD1B21C763006AFD4B = {
						CreatedOnToolsVersion = 6.3.1;
					};
					4E2A02D61B21C763006AFD4B = {
						CreatedOnToolsVersion = 6.3.1;
						TestTargetID = 4E2A02BD1B21C763006AFD4B;
					};
				};
			};
			buildConfigurationList = 4E2A02B91B21C763006AFD4B /* Build configuration list for PBXProject "UIExpandingPopover" */;
			compatibilityVersion = "Xcode 3.2";
			developmentRegion = English;
			hasScannedForEncodings = 0;
			knownRegions = (
				en,
				Base,
			);
			mainGroup = 4E2A02B51B21C763006AFD4B;
			productRefGroup = 4E2A02BF1B21C763006AFD4B /* Products */;
			projectDirPath = "";
			projectRoot = "";
			targets = (
				4E2A02BD1B21C763006AFD4B /* UIExpandingPopover */,
				4E2A02D61B21C763006AFD4B /* UIExpandingPopoverTests */,
			);
		};
/* End PBXProject section */

/* Begin PBXResourcesBuildPhase section */
		4E2A02BC1B21C763006AFD4B /* Resources */ = {
			isa = PBXResourcesBuildPhase;
			buildActionMask = 2147483647;
			files = (
				4E2A02CD1B21C763006AFD4B /* Main.storyboard in Resources */,
				4E2A02D21B21C763006AFD4B /* LaunchScreen.xib in Resources */,
				4E2A02CF1B21C763006AFD4B /* Images.xcassets in Resources */,
				4E2A02EF1B21C8AD006AFD4B /* ClosedController.xib in Resources */,
				4E2A02F61B21C946006AFD4B /* OpenController.storyboard in Resources */,
			);
			runOnlyForDeploymentPostprocessing = 0;
		};
		4E2A02D51B21C763006AFD4B /* Resources */ = {
			isa = PBXResourcesBuildPhase;
			buildActionMask = 2147483647;
			files = (
			);
			runOnlyForDeploymentPostprocessing = 0;
		};
/* End PBXResourcesBuildPhase section */

/* Begin PBXSourcesBuildPhase section */
		4E2A02BA1B21C763006AFD4B /* Sources */ = {
			isa = PBXSourcesBuildPhase;
			buildActionMask = 2147483647;
			files = (
				4E2A02EE1B21C8AD006AFD4B /* ClosedController.m in Sources */,
				4E2A02CA1B21C763006AFD4B /* ViewController.m in Sources */,
				4E2A02C71B21C763006AFD4B /* AppDelegate.m in Sources */,
				4E2A02C41B21C763006AFD4B /* main.m in Sources */,
				4E2A02F81B2241A7006AFD4B /* UIExpandingPopoverController.m in Sources */,
			);
			runOnlyForDeploymentPostprocessing = 0;
		};
		4E2A02D31B21C763006AFD4B /* Sources */ = {
			isa = PBXSourcesBuildPhase;
			buildActionMask = 2147483647;
			files = (
				4E2A02DE1B21C763006AFD4B /* ExpandingPopoverTestTests.m in Sources */,
			);
			runOnlyForDeploymentPostprocessing = 0;
		};
/* End PBXSourcesBuildPhase section */

/* Begin PBXTargetDependency section */
		4E2A02D91B21C763006AFD4B /* PBXTargetDependency */ = {
			isa = PBXTargetDependency;
			target = 4E2A02BD1B21C763006AFD4B /* UIExpandingPopover */;
			targetProxy = 4E2A02D81B21C763006AFD4B /* PBXContainerItemProxy */;
		};
/* End PBXTargetDependency section */

/* Begin PBXVariantGroup section */
		4E2A02CB1B21C763006AFD4B /* Main.storyboard */ = {
			isa = PBXVariantGroup;
			children = (
				4E2A02CC1B21C763006AFD4B /* Base */,
			);
			name = Main.storyboard;
			sourceTree = "<group>";
		};
		4E2A02D01B21C763006AFD4B /* LaunchScreen.xib */ = {
			isa = PBXVariantGroup;
			children = (
				4E2A02D11B21C763006AFD4B /* Base */,
			);
			name = LaunchScreen.xib;
			sourceTree = "<group>";
		};
/* End PBXVariantGroup section */

/* Begin XCBuildConfiguration section */
		4E2A02DF1B21C763006AFD4B /* Debug */ = {
			isa = XCBuildConfiguration;
			buildSettings = {
				ALWAYS_SEARCH_USER_PATHS = NO;
				CLANG_CXX_LANGUAGE_STANDARD = "gnu++0x";
				CLANG_CXX_LIBRARY = "libc++";
				CLANG_ENABLE_MODULES = YES;
				CLANG_ENABLE_OBJC_ARC = NO;
				CLANG_WARN_BOOL_CONVERSION = YES;
				CLANG_WARN_CONSTANT_CONVERSION = YES;
				CLANG_WARN_DIRECT_OBJC_ISA_USAGE = YES_ERROR;
				CLANG_WARN_EMPTY_BODY = YES;
				CLANG_WARN_ENUM_CONVERSION = YES;
				CLANG_WARN_INT_CONVERSION = YES;
				CLANG_WARN_OBJC_ROOT_CLASS = YES_ERROR;
				CLANG_WARN_UNREACHABLE_CODE = YES;
				CLANG_WARN__DUPLICATE_METHOD_MATCH = YES;
				"CODE_SIGN_IDENTITY[sdk=iphoneos*]" = "iPhone Developer";
				COPY_PHASE_STRIP = NO;
				DEBUG_INFORMATION_FORMAT = "dwarf-with-dsym";
				ENABLE_STRICT_OBJC_MSGSEND = YES;
				GCC_C_LANGUAGE_STANDARD = gnu99;
				GCC_DYNAMIC_NO_PIC = NO;
				GCC_NO_COMMON_BLOCKS = YES;
				GCC_OPTIMIZATION_LEVEL = 0;
				GCC_PREPROCESSOR_DEFINITIONS = (
					"DEBUG=1",
					"$(inherited)",
				);
				GCC_SYMBOLS_PRIVATE_EXTERN = NO;
				GCC_WARN_64_TO_32_BIT_CONVERSION = YES;
				GCC_WARN_ABOUT_RETURN_TYPE = YES_ERROR;
				GCC_WARN_UNDECLARED_SELECTOR = YES;
				GCC_WARN_UNINITIALIZED_AUTOS = YES_AGGRESSIVE;
				GCC_WARN_UNUSED_FUNCTION = YES;
				GCC_WARN_UNUSED_VARIABLE = YES;
				IPHONEOS_DEPLOYMENT_TARGET = 8.3;
				MTL_ENABLE_DEBUG_INFO = YES;
				ONLY_ACTIVE_ARCH = YES;
				SDKROOT = iphoneos;
				TARGETED_DEVICE_FAMILY = "1,2";
			};
			name = Debug;
		};
		4E2A02E01B21C763006AFD4B /* Release */ = {
			isa = XCBuildConfiguration;
			buildSettings = {
				ALWAYS_SEARCH_USER_PATHS = NO;
				CLANG_CXX_LANGUAGE_STANDARD = "gnu++0x";
				CLANG_CXX_LIBRARY = "libc++";
				CLANG_ENABLE_MODULES = YES;
				CLANG_ENABLE_OBJC_ARC = NO;
				CLANG_WARN_BOOL_CONVERSION = YES;
				CLANG_WARN_CONSTANT_CONVERSION = YES;
				CLANG_WARN_DIRECT_OBJC_ISA_USAGE = YES_ERROR;
				CLANG_WARN_EMPTY_BODY = YES;
				CLANG_WARN_ENUM_CONVERSION = YES;
				CLANG_WARN_INT_CONVERSION = YES;
				CLANG_WARN_OBJC_ROOT_CLASS = YES_ERROR;
				CLANG_WARN_UNREACHABLE_CODE = YES;
				CLANG_WARN__DUPLICATE_METHOD_MATCH = YES;
				"CODE_SIGN_IDENTITY[sdk=iphoneos*]" = "iPhone Developer";
				COPY_PHASE_STRIP = NO;
				DEBUG_INFORMATION_FORMAT = "dwarf-with-dsym";
				ENABLE_NS_ASSERTIONS = NO;
				ENABLE_STRICT_OBJC_MSGSEND = YES;
				GCC_C_LANGUAGE_STANDARD = gnu99;
				GCC_NO_COMMON_BLOCKS = YES;
				GCC_WARN_64_TO_32_BIT_CONVERSION = YES;
				GCC_WARN_ABOUT_RETURN_TYPE = YES_ERROR;
				GCC_WARN_UNDECLARED_SELECTOR = YES;
				GCC_WARN_UNINITIALIZED_AUTOS = YES_AGGRESSIVE;
				GCC_WARN_UNUSED_FUNCTION = YES;
				GCC_WARN_UNUSED_VARIABLE = YES;
				IPHONEOS_DEPLOYMENT_TARGET = 8.3;
				MTL_ENABLE_DEBUG_INFO = NO;
				SDKROOT = iphoneos;
				TARGETED_DEVICE_FAMILY = "1,2";
				VALIDATE_PRODUCT = YES;
			};
			name = Release;
		};
		4E2A02E21B21C763006AFD4B /* Debug */ = {
			isa = XCBuildConfiguration;
			buildSettings = {
				ASSETCATALOG_COMPILER_APPICON_NAME = AppIcon;
				INFOPLIST_FILE = ExpandingPopoverTest/Info.plist;
				LD_RUNPATH_SEARCH_PATHS = "$(inherited) @executable_path/Frameworks";
				PRODUCT_NAME = UIExpandingPopover;
			};
			name = Debug;
		};
		4E2A02E31B21C763006AFD4B /* Release */ = {
			isa = XCBuildConfiguration;
			buildSettings = {
				ASSETCATALOG_COMPILER_APPICON_NAME = AppIcon;
				INFOPLIST_FILE = ExpandingPopoverTest/Info.plist;
				LD_RUNPATH_SEARCH_PATHS = "$(inherited) @executable_path/Frameworks";
				PRODUCT_NAME = UIExpandingPopover;
			};
			name = Release;
		};
		4E2A02E51B21C763006AFD4B /* Debug */ = {
			isa = XCBuildConfiguration;
			buildSettings = {
				BUNDLE_LOADER = "$(TEST_HOST)";
				FRAMEWORK_SEARCH_PATHS = (
					"$(SDKROOT)/Developer/Library/Frameworks",
					"$(inherited)",
				);
				GCC_PREPROCESSOR_DEFINITIONS = (
					"DEBUG=1",
					"$(inherited)",
				);
				INFOPLIST_FILE = ExpandingPopoverTestTests/Info.plist;
				LD_RUNPATH_SEARCH_PATHS = "$(inherited) @executable_path/Frameworks @loader_path/Frameworks";
				PRODUCT_NAME = UIExpandingPopoverTests;
				TEST_HOST = "$(BUILT_PRODUCTS_DIR)/ExpandingPopoverTest.app/ExpandingPopoverTest";
			};
			name = Debug;
		};
		4E2A02E61B21C763006AFD4B /* Release */ = {
			isa = XCBuildConfiguration;
			buildSettings = {
				BUNDLE_LOADER = "$(TEST_HOST)";
				FRAMEWORK_SEARCH_PATHS = (
					"$(SDKROOT)/Developer/Library/Frameworks",
					"$(inherited)",
				);
				INFOPLIST_FILE = ExpandingPopoverTestTests/Info.plist;
				LD_RUNPATH_SEARCH_PATHS = "$(inherited) @executable_path/Frameworks @loader_path/Frameworks";
				PRODUCT_NAME = UIExpandingPopoverTests;
				TEST_HOST = "$(BUILT_PRODUCTS_DIR)/ExpandingPopoverTest.app/ExpandingPopoverTest";
			};
			name = Release;
		};
/* End XCBuildConfiguration section */

/* Begin XCConfigurationList section */
		4E2A02B91B21C763006AFD4B /* Build configuration list for PBXProject "UIExpandingPopover" */ = {
			isa = XCConfigurationList;
			buildConfigurations = (
				4E2A02DF1B21C763006AFD4B /* Debug */,
				4E2A02E01B21C763006AFD4B /* Release */,
			);
			defaultConfigurationIsVisible = 0;
			defaultConfigurationName = Release;
		};
		4E2A02E11B21C763006AFD4B /* Build configuration list for PBXNativeTarget "UIExpandingPopover" */ = {
			isa = XCConfigurationList;
			buildConfigurations = (
				4E2A02E21B21C763006AFD4B /* Debug */,
				4E2A02E31B21C763006AFD4B /* Release */,
			);
			defaultConfigurationIsVisible = 0;
		};
		4E2A02E41B21C763006AFD4B /* Build configuration list for PBXNativeTarget "UIExpandingPopoverTests" */ = {
			isa = XCConfigurationList;
			buildConfigurations = (
				4E2A02E51B21C763006AFD4B /* Debug */,
				4E2A02E61B21C763006AFD4B /* Release */,
			);
			defaultConfigurationIsVisible = 0;
		};
/* End XCConfigurationList section */
	};
	rootObject = 4E2A02B61B21C763006AFD4B /* Project object */;
}
